{
  "name": "loopback-component-bpmn",
  "version": "0.0.1",
  "lockfileVersion": 1,
  "requires": true,
  "dependencies": {
    "async": {
      "version": "2.6.0",
      "resolved": "https://registry.npmjs.org/async/-/async-2.6.0.tgz",
      "integrity": "sha512-xAfGg1/NTLBBKlHFmnd7PlmUW9KhVQIUuSrYem9xzFUZy13ScvtyGGejaae9iAVRiRq9+Cx7DPFaAAhCpyxyPw==",
      "requires": {
        "lodash": "4.17.4"
      }
    },
    "bpmn-engine": {
      "version": "git+https://github.com/Mennu/bpmn-engine.git#54a4a2db00c6125315297482cc92b4b0c0f939c8",
      "requires": {
        "async": "2.6.0",
        "bpmn-moddle": "0.14.1",
        "debug": "2.6.9",
        "iso8601-duration": "1.1.1"
      }
    },
    "bpmn-moddle": {
      "version": "0.14.1",
      "resolved": "https://registry.npmjs.org/bpmn-moddle/-/bpmn-moddle-0.14.1.tgz",
      "integrity": "sha512-TowGXEv2oXX4f620cdtnqqDdxuBURhZeBdU5GO1l5/joG4Joe3nvXOy5cST2QlQ3RS4cQU5SHnmHfyevyK2ZZg==",
      "requires": {
        "lodash": "3.10.1",
        "moddle": "1.2.1",
        "moddle-xml": "1.1.1"
      },
      "dependencies": {
        "lodash": {
          "version": "3.10.1",
          "resolved": "https://registry.npmjs.org/lodash/-/lodash-3.10.1.tgz",
          "integrity": "sha1-W/Rejkm6QYnhfUgnid/RW9FAt7Y="
        }
      }
    },
    "debug": {
      "version": "2.6.9",
      "resolved": "https://registry.npmjs.org/debug/-/debug-2.6.9.tgz",
      "integrity": "sha512-bC7ElrdJaJnPbAP+1EotYvqZsb3ecl5wi6Bfi6BJTUcNowp6cvspg0jXznRTKDjm/E7AdgFBVeAPVMNcKGsHMA==",
      "requires": {
        "ms": "2.0.0"
      }
    },
    "iso8601-duration": {
      "version": "1.1.1",
      "resolved": "https://registry.npmjs.org/iso8601-duration/-/iso8601-duration-1.1.1.tgz",
      "integrity": "sha512-dE/f+GO/ptSFgsM7ccVOYb/82PdCrSAHdmFZgAKwdoUWq8NHg5ygohklQBqVoqcN+CHPwE+f+pWuu2HZPnBU/Q=="
    },
    "lodash": {
      "version": "4.17.4",
      "resolved": "https://registry.npmjs.org/lodash/-/lodash-4.17.4.tgz",
      "integrity": "sha1-eCA6TRwyiuHYbcpkYONptX9AVa4="
    },
    "moddle": {
      "version": "1.2.1",
      "resolved": "https://registry.npmjs.org/moddle/-/moddle-1.2.1.tgz",
      "integrity": "sha512-YQtFv9MaZSto0LwVe/j0zSZuspvBY1XQtiRAgp9C9u5p9N3eJiSerqD7TprGs3ZoYIhpZpHvLazSm4PqqesJKA==",
      "requires": {
        "lodash": "3.10.1"
      },
      "dependencies": {
        "lodash": {
          "version": "3.10.1",
          "resolved": "https://registry.npmjs.org/lodash/-/lodash-3.10.1.tgz",
          "integrity": "sha1-W/Rejkm6QYnhfUgnid/RW9FAt7Y="
        }
      }
    },
    "moddle-xml": {
      "version": "1.1.1",
      "resolved": "https://registry.npmjs.org/moddle-xml/-/moddle-xml-1.1.1.tgz",
      "integrity": "sha512-a9GkVOVVhtE8F/49Mh8mnnex3gFIn685S3DIeUPvLkhmNlrzGIQ+cwufDkFdxjwJY66xiY3bV8SCZUgYeGyliQ==",
      "requires": {
        "lodash": "3.10.1",
        "moddle": "1.2.1",
        "sax": "0.6.1",
        "tiny-stack": "0.1.0"
      },
      "dependencies": {
        "lodash": {
          "version": "3.10.1",
          "resolved": "https://registry.npmjs.org/lodash/-/lodash-3.10.1.tgz",
          "integrity": "sha1-W/Rejkm6QYnhfUgnid/RW9FAt7Y="
        }
      }
    },
    "ms": {
      "version": "2.0.0",
      "resolved": "https://registry.npmjs.org/ms/-/ms-2.0.0.tgz",
      "integrity": "sha1-VgiurfwAvmwpAd9fmGF4jeDVl8g="
    },
    "sax": {
      "version": "0.6.1",
      "resolved": "https://registry.npmjs.org/sax/-/sax-0.6.1.tgz",
      "integrity": "sha1-VjsZx8HeiS4Jv8Ty/DDjwn8JUrk="
    },
    "tiny-stack": {
      "version": "0.1.0",
      "resolved": "https://registry.npmjs.org/tiny-stack/-/tiny-stack-0.1.0.tgz",
      "integrity": "sha1-GoSBc/wL/FTne7LpUE0tPIrXliE="
    }
  }
}
